
Microsoft Visual Studio Solution File, Format Version 12.00
# Visual Studio Version 17
VisualStudioVersion = 17.1.32319.34
MinimumVisualStudioVersion = 10.0.40219.1
Project("{8BC9CEB8-8B4A-11D0-8D11-00A0C91BC942}") = "PalmEngine", "PalmEngine.vcxproj", "{625210CE-CB72-461F-8177-0110776882AA}"
EndProject
Global
	GlobalSection(SolutionConfigurationPlatforms) = preSolution
		Debug|x64 = Debug|x64
		Debug|x86 = Debug|x86
		Release|x64 = Release|x64
		Release|x86 = Release|x86
	EndGlobalSection
	GlobalSection(ProjectConfigurationPlatforms) = postSolution
		{625210CE-CB72-461F-8177-0110776882AA}.Debug|x64.ActiveCfg = Debug|x64
		{625210CE-CB72-461F-8177-0110776882AA}.Debug|x64.Build.0 = Debug|x64
		{625210CE-CB72-461F-8177-0110776882AA}.Debug|x86.ActiveCfg = Debug|Win32
		{625210CE-CB72-461F-8177-0110776882AA}.Debug|x86.Build.0 = Debug|Win32
		{625210CE-CB72-461F-8177-0110776882AA}.Release|x64.ActiveCfg = Release|x64
		{625210CE-CB72-461F-8177-0110776882AA}.Release|x64.Build.0 = Release|x64
		{625210CE-CB72-461F-8177-0110776882AA}.Release|x86.ActiveCfg = Release|Win32
		{625210CE-CB72-461F-8177-0110776882AA}.Release|x86.Build.0 = Release|Win32
	EndGlobalSection
	GlobalSection(SolutionProperties) = preSolution
		HideSolutionNode = FALSE
	EndGlobalSection
	GlobalSection(ExtensibilityGlobals) = postSolution
		SolutionGuid = {D56D2014-83B5-49C8-B14E-C86A416F21FE}
	EndGlobalSection
EndGlobal
